
Microsoft Visual Studio Solution File, Format Version 12.00
# Visual Studio 15
VisualStudioVersion = 15.0.27130.2027
MinimumVisualStudioVersion = 10.0.40219.1
Project("{8BC9CEB8-8B4A-11D0-8D11-00A0C91BC942}") = "UThread", "UThread\UThread.vcxproj", "{2650CA3C-1DDE-4D98-96D6-927B382F409A}"
EndProject
Project("{8BC9CEB8-8B4A-11D0-8D11-00A0C91BC942}") = "USynch", "USynch\USynch.vcxproj", "{95B5813F-910D-4159-B3D8-2E8B83F6A1F1}"
EndProject
Project("{2150E333-8FDC-42A3-9474-1A3956D46DE8}") = "Tests", "Tests", "{B9296F9D-9BCC-459F-9E98-8EFA10357D5D}"
EndProject
Project("{8BC9CEB8-8B4A-11D0-8D11-00A0C91BC942}") = "SimpleTest", "SimpleTest\SimpleTest.vcxproj", "{4111D8D1-7501-489A-AD21-68701773EBD9}"
EndProject
Project("{8BC9CEB8-8B4A-11D0-8D11-00A0C91BC942}") = "StackSizeSetTest", "StackSizeSetTest\SimpleTest.vcxproj", "{387EF474-82F3-40E1-BA70-A6D4FF01F783}"
EndProject
Project("{8BC9CEB8-8B4A-11D0-8D11-00A0C91BC942}") = "RunningReadyTest", "abc\abc.vcxproj", "{E763707F-9A72-4F74-86BE-982CBDDBD853}"
EndProject
Project("{8BC9CEB8-8B4A-11D0-8D11-00A0C91BC942}") = "BlockedTest", "BlockedTest\BlockedTest.vcxproj", "{E9677D9E-7BDF-439C-94F3-61D5E3A239FA}"
EndProject
Project("{8BC9CEB8-8B4A-11D0-8D11-00A0C91BC942}") = "BlockedTest", "GetTickCountTest\GetTickCountTest.vcxproj", "{E9005BF6-2C02-4928-89D6-FD60258227E3}"
EndProject
Global
	GlobalSection(SolutionConfigurationPlatforms) = preSolution
		Debug|Mixed Platforms = Debug|Mixed Platforms
		Debug|Win32 = Debug|Win32
		Debug|x64 = Debug|x64
		Debug|x86 = Debug|x86
		Release|Mixed Platforms = Release|Mixed Platforms
		Release|Win32 = Release|Win32
		Release|x64 = Release|x64
		Release|x86 = Release|x86
	EndGlobalSection
	GlobalSection(ProjectConfigurationPlatforms) = postSolution
		{2650CA3C-1DDE-4D98-96D6-927B382F409A}.Debug|Mixed Platforms.ActiveCfg = Debug|Win32
		{2650CA3C-1DDE-4D98-96D6-927B382F409A}.Debug|Mixed Platforms.Build.0 = Debug|Win32
		{2650CA3C-1DDE-4D98-96D6-927B382F409A}.Debug|Win32.ActiveCfg = Debug|Win32
		{2650CA3C-1DDE-4D98-96D6-927B382F409A}.Debug|Win32.Build.0 = Debug|Win32
		{2650CA3C-1DDE-4D98-96D6-927B382F409A}.Debug|x64.ActiveCfg = Debug|x64
		{2650CA3C-1DDE-4D98-96D6-927B382F409A}.Debug|x64.Build.0 = Debug|x64
		{2650CA3C-1DDE-4D98-96D6-927B382F409A}.Debug|x86.ActiveCfg = Debug|Win32
		{2650CA3C-1DDE-4D98-96D6-927B382F409A}.Release|Mixed Platforms.ActiveCfg = Release|Win32
		{2650CA3C-1DDE-4D98-96D6-927B382F409A}.Release|Mixed Platforms.Build.0 = Release|Win32
		{2650CA3C-1DDE-4D98-96D6-927B382F409A}.Release|Win32.ActiveCfg = Release|Win32
		{2650CA3C-1DDE-4D98-96D6-927B382F409A}.Release|Win32.Build.0 = Release|Win32
		{2650CA3C-1DDE-4D98-96D6-927B382F409A}.Release|x64.ActiveCfg = Release|x64
		{2650CA3C-1DDE-4D98-96D6-927B382F409A}.Release|x64.Build.0 = Release|x64
		{2650CA3C-1DDE-4D98-96D6-927B382F409A}.Release|x86.ActiveCfg = Release|Win32
		{95B5813F-910D-4159-B3D8-2E8B83F6A1F1}.Debug|Mixed Platforms.ActiveCfg = Debug|Win32
		{95B5813F-910D-4159-B3D8-2E8B83F6A1F1}.Debug|Mixed Platforms.Build.0 = Debug|Win32
		{95B5813F-910D-4159-B3D8-2E8B83F6A1F1}.Debug|Win32.ActiveCfg = Debug|Win32
		{95B5813F-910D-4159-B3D8-2E8B83F6A1F1}.Debug|Win32.Build.0 = Debug|Win32
		{95B5813F-910D-4159-B3D8-2E8B83F6A1F1}.Debug|x64.ActiveCfg = Debug|x64
		{95B5813F-910D-4159-B3D8-2E8B83F6A1F1}.Debug|x64.Build.0 = Debug|x64
		{95B5813F-910D-4159-B3D8-2E8B83F6A1F1}.Debug|x86.ActiveCfg = Debug|Win32
		{95B5813F-910D-4159-B3D8-2E8B83F6A1F1}.Release|Mixed Platforms.ActiveCfg = Release|Win32
		{95B5813F-910D-4159-B3D8-2E8B83F6A1F1}.Release|Mixed Platforms.Build.0 = Release|Win32
		{95B5813F-910D-4159-B3D8-2E8B83F6A1F1}.Release|Win32.ActiveCfg = Release|Win32
		{95B5813F-910D-4159-B3D8-2E8B83F6A1F1}.Release|Win32.Build.0 = Release|Win32
		{95B5813F-910D-4159-B3D8-2E8B83F6A1F1}.Release|x64.ActiveCfg = Release|x64
		{95B5813F-910D-4159-B3D8-2E8B83F6A1F1}.Release|x64.Build.0 = Release|x64
		{95B5813F-910D-4159-B3D8-2E8B83F6A1F1}.Release|x86.ActiveCfg = Release|Win32
		{4111D8D1-7501-489A-AD21-68701773EBD9}.Debug|Mixed Platforms.ActiveCfg = Debug|Win32
		{4111D8D1-7501-489A-AD21-68701773EBD9}.Debug|Mixed Platforms.Build.0 = Debug|Win32
		{4111D8D1-7501-489A-AD21-68701773EBD9}.Debug|Win32.ActiveCfg = Debug|Win32
		{4111D8D1-7501-489A-AD21-68701773EBD9}.Debug|Win32.Build.0 = Debug|Win32
		{4111D8D1-7501-489A-AD21-68701773EBD9}.Debug|x64.ActiveCfg = Debug|x64
		{4111D8D1-7501-489A-AD21-68701773EBD9}.Debug|x64.Build.0 = Debug|x64
		{4111D8D1-7501-489A-AD21-68701773EBD9}.Debug|x86.ActiveCfg = Debug|x64
		{4111D8D1-7501-489A-AD21-68701773EBD9}.Release|Mixed Platforms.ActiveCfg = Release|x64
		{4111D8D1-7501-489A-AD21-68701773EBD9}.Release|Mixed Platforms.Build.0 = Release|x64
		{4111D8D1-7501-489A-AD21-68701773EBD9}.Release|Win32.ActiveCfg = Release|Win32
		{4111D8D1-7501-489A-AD21-68701773EBD9}.Release|Win32.Build.0 = Release|Win32
		{4111D8D1-7501-489A-AD21-68701773EBD9}.Release|x64.ActiveCfg = Release|x64
		{4111D8D1-7501-489A-AD21-68701773EBD9}.Release|x64.Build.0 = Release|x64
		{4111D8D1-7501-489A-AD21-68701773EBD9}.Release|x86.ActiveCfg = Release|x64
		{387EF474-82F3-40E1-BA70-A6D4FF01F783}.Debug|Mixed Platforms.ActiveCfg = Debug|Win32
		{387EF474-82F3-40E1-BA70-A6D4FF01F783}.Debug|Mixed Platforms.Build.0 = Debug|Win32
		{387EF474-82F3-40E1-BA70-A6D4FF01F783}.Debug|Win32.ActiveCfg = Debug|Win32
		{387EF474-82F3-40E1-BA70-A6D4FF01F783}.Debug|Win32.Build.0 = Debug|Win32
		{387EF474-82F3-40E1-BA70-A6D4FF01F783}.Debug|x64.ActiveCfg = Debug|x64
		{387EF474-82F3-40E1-BA70-A6D4FF01F783}.Debug|x64.Build.0 = Debug|x64
		{387EF474-82F3-40E1-BA70-A6D4FF01F783}.Debug|x86.ActiveCfg = Debug|Win32
		{387EF474-82F3-40E1-BA70-A6D4FF01F783}.Debug|x86.Build.0 = Debug|Win32
		{387EF474-82F3-40E1-BA70-A6D4FF01F783}.Release|Mixed Platforms.ActiveCfg = Release|Win32
		{387EF474-82F3-40E1-BA70-A6D4FF01F783}.Release|Mixed Platforms.Build.0 = Release|Win32
		{387EF474-82F3-40E1-BA70-A6D4FF01F783}.Release|Win32.ActiveCfg = Release|Win32
		{387EF474-82F3-40E1-BA70-A6D4FF01F783}.Release|Win32.Build.0 = Release|Win32
		{387EF474-82F3-40E1-BA70-A6D4FF01F783}.Release|x64.ActiveCfg = Release|x64
		{387EF474-82F3-40E1-BA70-A6D4FF01F783}.Release|x64.Build.0 = Release|x64
		{387EF474-82F3-40E1-BA70-A6D4FF01F783}.Release|x86.ActiveCfg = Release|Win32
		{387EF474-82F3-40E1-BA70-A6D4FF01F783}.Release|x86.Build.0 = Release|Win32
		{E763707F-9A72-4F74-86BE-982CBDDBD853}.Debug|Mixed Platforms.ActiveCfg = Debug|Win32
		{E763707F-9A72-4F74-86BE-982CBDDBD853}.Debug|Mixed Platforms.Build.0 = Debug|Win32
		{E763707F-9A72-4F74-86BE-982CBDDBD853}.Debug|Win32.ActiveCfg = Debug|Win32
		{E763707F-9A72-4F74-86BE-982CBDDBD853}.Debug|Win32.Build.0 = Debug|Win32
		{E763707F-9A72-4F74-86BE-982CBDDBD853}.Debug|x64.ActiveCfg = Debug|x64
		{E763707F-9A72-4F74-86BE-982CBDDBD853}.Debug|x64.Build.0 = Debug|x64
		{E763707F-9A72-4F74-86BE-982CBDDBD853}.Debug|x86.ActiveCfg = Debug|Win32
		{E763707F-9A72-4F74-86BE-982CBDDBD853}.Debug|x86.Build.0 = Debug|Win32
		{E763707F-9A72-4F74-86BE-982CBDDBD853}.Release|Mixed Platforms.ActiveCfg = Release|Win32
		{E763707F-9A72-4F74-86BE-982CBDDBD853}.Release|Mixed Platforms.Build.0 = Release|Win32
		{E763707F-9A72-4F74-86BE-982CBDDBD853}.Release|Win32.ActiveCfg = Release|Win32
		{E763707F-9A72-4F74-86BE-982CBDDBD853}.Release|Win32.Build.0 = Release|Win32
		{E763707F-9A72-4F74-86BE-982CBDDBD853}.Release|x64.ActiveCfg = Release|x64
		{E763707F-9A72-4F74-86BE-982CBDDBD853}.Release|x64.Build.0 = Release|x64
		{E763707F-9A72-4F74-86BE-982CBDDBD853}.Release|x86.ActiveCfg = Release|Win32
		{E763707F-9A72-4F74-86BE-982CBDDBD853}.Release|x86.Build.0 = Release|Win32
		{E9677D9E-7BDF-439C-94F3-61D5E3A239FA}.Debug|Mixed Platforms.ActiveCfg = Debug|Win32
		{E9677D9E-7BDF-439C-94F3-61D5E3A239FA}.Debug|Mixed Platforms.Build.0 = Debug|Win32
		{E9677D9E-7BDF-439C-94F3-61D5E3A239FA}.Debug|Win32.ActiveCfg = Debug|Win32
		{E9677D9E-7BDF-439C-94F3-61D5E3A239FA}.Debug|Win32.Build.0 = Debug|Win32
		{E9677D9E-7BDF-439C-94F3-61D5E3A239FA}.Debug|x64.ActiveCfg = Debug|x64
		{E9677D9E-7BDF-439C-94F3-61D5E3A239FA}.Debug|x64.Build.0 = Debug|x64
		{E9677D9E-7BDF-439C-94F3-61D5E3A239FA}.Debug|x86.ActiveCfg = Debug|Win32
		{E9677D9E-7BDF-439C-94F3-61D5E3A239FA}.Debug|x86.Build.0 = Debug|Win32
		{E9677D9E-7BDF-439C-94F3-61D5E3A239FA}.Release|Mixed Platforms.ActiveCfg = Release|Win32
		{E9677D9E-7BDF-439C-94F3-61D5E3A239FA}.Release|Mixed Platforms.Build.0 = Release|Win32
		{E9677D9E-7BDF-439C-94F3-61D5E3A239FA}.Release|Win32.ActiveCfg = Release|Win32
		{E9677D9E-7BDF-439C-94F3-61D5E3A239FA}.Release|Win32.Build.0 = Release|Win32
		{E9677D9E-7BDF-439C-94F3-61D5E3A239FA}.Release|x64.ActiveCfg = Release|x64
		{E9677D9E-7BDF-439C-94F3-61D5E3A239FA}.Release|x64.Build.0 = Release|x64
		{E9677D9E-7BDF-439C-94F3-61D5E3A239FA}.Release|x86.ActiveCfg = Release|Win32
		{E9677D9E-7BDF-439C-94F3-61D5E3A239FA}.Release|x86.Build.0 = Release|Win32
		{E9005BF6-2C02-4928-89D6-FD60258227E3}.Debug|Mixed Platforms.ActiveCfg = Debug|Win32
		{E9005BF6-2C02-4928-89D6-FD60258227E3}.Debug|Mixed Platforms.Build.0 = Debug|Win32
		{E9005BF6-2C02-4928-89D6-FD60258227E3}.Debug|Win32.ActiveCfg = Debug|Win32
		{E9005BF6-2C02-4928-89D6-FD60258227E3}.Debug|Win32.Build.0 = Debug|Win32
		{E9005BF6-2C02-4928-89D6-FD60258227E3}.Debug|x64.ActiveCfg = Debug|x64
		{E9005BF6-2C02-4928-89D6-FD60258227E3}.Debug|x64.Build.0 = Debug|x64
		{E9005BF6-2C02-4928-89D6-FD60258227E3}.Debug|x86.ActiveCfg = Debug|Win32
		{E9005BF6-2C02-4928-89D6-FD60258227E3}.Debug|x86.Build.0 = Debug|Win32
		{E9005BF6-2C02-4928-89D6-FD60258227E3}.Release|Mixed Platforms.ActiveCfg = Release|Win32
		{E9005BF6-2C02-4928-89D6-FD60258227E3}.Release|Mixed Platforms.Build.0 = Release|Win32
		{E9005BF6-2C02-4928-89D6-FD60258227E3}.Release|Win32.ActiveCfg = Release|Win32
		{E9005BF6-2C02-4928-89D6-FD60258227E3}.Release|Win32.Build.0 = Release|Win32
		{E9005BF6-2C02-4928-89D6-FD60258227E3}.Release|x64.ActiveCfg = Release|x64
		{E9005BF6-2C02-4928-89D6-FD60258227E3}.Release|x64.Build.0 = Release|x64
		{E9005BF6-2C02-4928-89D6-FD60258227E3}.Release|x86.ActiveCfg = Release|Win32
		{E9005BF6-2C02-4928-89D6-FD60258227E3}.Release|x86.Build.0 = Release|Win32
	EndGlobalSection
	GlobalSection(SolutionProperties) = preSolution
		HideSolutionNode = FALSE
	EndGlobalSection
	GlobalSection(NestedProjects) = preSolution
		{4111D8D1-7501-489A-AD21-68701773EBD9} = {B9296F9D-9BCC-459F-9E98-8EFA10357D5D}
		{387EF474-82F3-40E1-BA70-A6D4FF01F783} = {B9296F9D-9BCC-459F-9E98-8EFA10357D5D}
		{E763707F-9A72-4F74-86BE-982CBDDBD853} = {B9296F9D-9BCC-459F-9E98-8EFA10357D5D}
		{E9677D9E-7BDF-439C-94F3-61D5E3A239FA} = {B9296F9D-9BCC-459F-9E98-8EFA10357D5D}
		{E9005BF6-2C02-4928-89D6-FD60258227E3} = {B9296F9D-9BCC-459F-9E98-8EFA10357D5D}
	EndGlobalSection
	GlobalSection(ExtensibilityGlobals) = postSolution
		SolutionGuid = {DF17F887-9106-4B50-B10A-F8F26C74D95E}
	EndGlobalSection
EndGlobal
